
Microsoft Visual Studio Solution File, Format Version 12.00
# Visual Studio Version 17
VisualStudioVersion = 17.14.36301.6 d17.14
MinimumVisualStudioVersion = 10.0.40219.1
Project("{FAE04EC0-301F-11D3-BF4B-00C04F79EFBC}") = "SteamGameFinder2", "SteamGameFinder2.csproj", "{FB2B80B3-2F38-4B82-BD07-338BD2897CE7}"
EndProject
Global
	GlobalSection(SolutionConfigurationPlatforms) = preSolution
		Debug|Any CPU = Debug|Any CPU
		Release|Any CPU = Release|Any CPU
	EndGlobalSection
	GlobalSection(ProjectConfigurationPlatforms) = postSolution
		{FB2B80B3-2F38-4B82-BD07-338BD2897CE7}.Debug|Any CPU.ActiveCfg = Debug|Any CPU
		{FB2B80B3-2F38-4B82-BD07-338BD2897CE7}.Debug|Any CPU.Build.0 = Debug|Any CPU
		{FB2B80B3-2F38-4B82-BD07-338BD2897CE7}.Release|Any CPU.ActiveCfg = Release|Any CPU
		{FB2B80B3-2F38-4B82-BD07-338BD2897CE7}.Release|Any CPU.Build.0 = Release|Any CPU
	EndGlobalSection
	GlobalSection(SolutionProperties) = preSolution
		HideSolutionNode = FALSE
	EndGlobalSection
	GlobalSection(ExtensibilityGlobals) = postSolution
		SolutionGuid = {D2798E05-25C4-4FA1-AB87-5B3A031F9B1D}
	EndGlobalSection
EndGlobal
